// !$*UTF8*$!
{
	archiveVersion = 1;
	classes = {
	};
	objectVersion = 46;
	objects = {

/* Begin PBXBuildFile section */
		9E2C8B5A1BF9A97A006E34AE /* main.swift in Sources */ = {isa = PBXBuildFile; fileRef = 9E2C8B591BF9A97A006E34AE /* main.swift */; };
		9E2C8B651BF9A995006E34AE /* String.swift in Sources */ = {isa = PBXBuildFile; fileRef = 9E2C8B601BF9A995006E34AE /* String.swift */; };
		9E2C8B661BF9A995006E34AE /* Lexer.swift in Sources */ = {isa = PBXBuildFile; fileRef = 9E2C8B611BF9A995006E34AE /* Lexer.swift */; };
		9E2C8B671BF9A995006E34AE /* Regex.swift in Sources */ = {isa = PBXBuildFile; fileRef = 9E2C8B621BF9A995006E34AE /* Regex.swift */; };
		9E2C8B681BF9A995006E34AE /* Nodes.swift in Sources */ = {isa = PBXBuildFile; fileRef = 9E2C8B631BF9A995006E34AE /* Nodes.swift */; };
		9E2C8B691BF9A995006E34AE /* Parser.swift in Sources */ = {isa = PBXBuildFile; fileRef = 9E2C8B641BF9A995006E34AE /* Parser.swift */; };
/* End PBXBuildFile section */

/* Begin PBXCopyFilesBuildPhase section */
		9E2C8B541BF9A97A006E34AE /* CopyFiles */ = {
			isa = PBXCopyFilesBuildPhase;
			buildActionMask = 2147483647;
			dstPath = /usr/share/man/man1/;
			dstSubfolderSpec = 0;
			files = (
			);
			runOnlyForDeploymentPostprocessing = 1;
		};
/* End PBXCopyFilesBuildPhase section */

/* Begin PBXFileReference section */
		9E2C8B561BF9A97A006E34AE /* Kaleidoscope */ = {isa = PBXFileReference; explicitFileType = "compiled.mach-o.executable"; includeInIndex = 0; path = Kaleidoscope; sourceTree = BUILT_PRODUCTS_DIR; };
		9E2C8B591BF9A97A006E34AE /* main.swift */ = {isa = PBXFileReference; lastKnownFileType = sourcecode.swift; path = main.swift; sourceTree = "<group>"; };
		9E2C8B601BF9A995006E34AE /* String.swift */ = {isa = PBXFileReference; fileEncoding = 4; lastKnownFileType = sourcecode.swift; path = String.swift; sourceTree = "<group>"; };
		9E2C8B611BF9A995006E34AE /* Lexer.swift */ = {isa = PBXFileReference; fileEncoding = 4; lastKnownFileType = sourcecode.swift; path = Lexer.swift; sourceTree = "<group>"; };
		9E2C8B621BF9A995006E34AE /* Regex.swift */ = {isa = PBXFileReference; fileEncoding = 4; lastKnownFileType = sourcecode.swift; path = Regex.swift; sourceTree = "<group>"; };
		9E2C8B631BF9A995006E34AE /* Nodes.swift */ = {isa = PBXFileReference; fileEncoding = 4; lastKnownFileType = sourcecode.swift; path = Nodes.swift; sourceTree = "<group>"; };
		9E2C8B641BF9A995006E34AE /* Parser.swift */ = {isa = PBXFileReference; fileEncoding = 4; lastKnownFileType = sourcecode.swift; path = Parser.swift; sourceTree = "<group>"; };
/* End PBXFileReference section */

/* Begin PBXFrameworksBuildPhase section */
		9E2C8B531BF9A97A006E34AE /* Frameworks */ = {
			isa = PBXFrameworksBuildPhase;
			buildActionMask = 2147483647;
			files = (
			);
			runOnlyForDeploymentPostprocessing = 0;
		};
/* End PBXFrameworksBuildPhase section */

/* Begin PBXGroup section */
		9E2C8B4D1BF9A97A006E34AE = {
			isa = PBXGroup;
			children = (
				9E2C8B581BF9A97A006E34AE /* Kaleidoscope */,
				9E2C8B571BF9A97A006E34AE /* Products */,
			);
			sourceTree = "<group>";
		};
		9E2C8B571BF9A97A006E34AE /* Products */ = {
			isa = PBXGroup;
			children = (
				9E2C8B561BF9A97A006E34AE /* Kaleidoscope */,
			);
			name = Products;
			sourceTree = "<group>";
		};
		9E2C8B581BF9A97A006E34AE /* Kaleidoscope */ = {
			isa = PBXGroup;
			children = (
				9E2C8B591BF9A97A006E34AE /* main.swift */,
				9E2C8B601BF9A995006E34AE /* String.swift */,
				9E2C8B611BF9A995006E34AE /* Lexer.swift */,
				9E2C8B621BF9A995006E34AE /* Regex.swift */,
				9E2C8B631BF9A995006E34AE /* Nodes.swift */,
				9E2C8B641BF9A995006E34AE /* Parser.swift */,
			);
			path = Kaleidoscope;
			sourceTree = "<group>";
		};
/* End PBXGroup section */

/* Begin PBXNativeTarget section */
		9E2C8B551BF9A97A006E34AE /* Kaleidoscope */ = {
			isa = PBXNativeTarget;
			buildConfigurationList = 9E2C8B5D1BF9A97A006E34AE /* Build configuration list for PBXNativeTarget "Kaleidoscope" */;
			buildPhases = (
				9E2C8B521BF9A97A006E34AE /* Sources */,
				9E2C8B531BF9A97A006E34AE /* Frameworks */,
				9E2C8B541BF9A97A006E34AE /* CopyFiles */,
			);
			buildRules = (
			);
			dependencies = (
			);
			name = Kaleidoscope;
			productName = Kaleidoscope;
			productReference = 9E2C8B561BF9A97A006E34AE /* Kaleidoscope */;
			productType = "com.apple.product-type.tool";
		};
/* End PBXNativeTarget section */

/* Begin PBXProject section */
		9E2C8B4E1BF9A97A006E34AE /* Project object */ = {
			isa = PBXProject;
			attributes = {
				LastSwiftUpdateCheck = 0710;
				LastUpgradeCheck = 1010;
				ORGANIZATIONNAME = "Matthew Cheok";
				TargetAttributes = {
					9E2C8B551BF9A97A006E34AE = {
						CreatedOnToolsVersion = 7.1.1;
						LastSwiftMigration = 1010;
					};
				};
			};
			buildConfigurationList = 9E2C8B511BF9A97A006E34AE /* Build configuration list for PBXProject "Kaleidoscope" */;
			compatibilityVersion = "Xcode 3.2";
			developmentRegion = English;
			hasScannedForEncodings = 0;
			knownRegions = (
				en,
			);
			mainGroup = 9E2C8B4D1BF9A97A006E34AE;
			productRefGroup = 9E2C8B571BF9A97A006E34AE /* Products */;
			projectDirPath = "";
			projectRoot = "";
			targets = (
				9E2C8B551BF9A97A006E34AE /* Kaleidoscope */,
			);
		};
/* End PBXProject section */

/* Begin PBXSourcesBuildPhase section */
		9E2C8B521BF9A97A006E34AE /* Sources */ = {
			isa = PBXSourcesBuildPhase;
			buildActionMask = 2147483647;
			files = (
				9E2C8B681BF9A995006E34AE /* Nodes.swift in Sources */,
				9E2C8B651BF9A995006E34AE /* String.swift in Sources */,
				9E2C8B691BF9A995006E34AE /* Parser.swift in Sources */,
				9E2C8B671BF9A995006E34AE /* Regex.swift in Sources */,
				9E2C8B661BF9A995006E34AE /* Lexer.swift in Sources */,
				9E2C8B5A1BF9A97A006E34AE /* main.swift in Sources */,
			);
			runOnlyForDeploymentPostprocessing = 0;
		};
/* End PBXSourcesBuildPhase section */

/* Begin XCBuildConfiguration section */
		9E2C8B5B1BF9A97A006E34AE /* Debug */ = {
			isa = XCBuildConfiguration;
			buildSettings = {
				ALWAYS_SEARCH_USER_PATHS = NO;
				CLANG_CXX_LANGUAGE_STANDARD = "gnu++0x";
				CLANG_CXX_LIBRARY = "libc++";
				CLANG_ENABLE_MODULES = YES;
				CLANG_ENABLE_OBJC_ARC = YES;
				CLANG_WARN_BLOCK_CAPTURE_AUTORELEASING = YES;
				CLANG_WARN_BOOL_CONVERSION = YES;
				CLANG_WARN_COMMA = YES;
				CLANG_WARN_CONSTANT_CONVERSION = YES;
				CLANG_WARN_DEPRECATED_OBJC_IMPLEMENTATIONS = YES;
				CLANG_WARN_DIRECT_OBJC_ISA_USAGE = YES_ERROR;
				CLANG_WARN_EMPTY_BODY = YES;
				CLANG_WARN_ENUM_CONVERSION = YES;
				CLANG_WARN_INFINITE_RECURSION = YES;
				CLANG_WARN_INT_CONVERSION = YES;
				CLANG_WARN_NON_LITERAL_NULL_CONVERSION = YES;
				CLANG_WARN_OBJC_IMPLICIT_RETAIN_SELF = YES;
				CLANG_WARN_OBJC_LITERAL_CONVERSION = YES;
				CLANG_WARN_OBJC_ROOT_CLASS = YES_ERROR;
				CLANG_WARN_RANGE_LOOP_ANALYSIS = YES;
				CLANG_WARN_STRICT_PROTOTYPES = YES;
				CLANG_WARN_SUSPICIOUS_MOVE = YES;
				CLANG_WARN_UNREACHABLE_CODE = YES;
				CLANG_WARN__DUPLICATE_METHOD_MATCH = YES;
				CODE_SIGN_IDENTITY = "-";
				COPY_PHASE_STRIP = NO;
				DEBUG_INFORMATION_FORMAT = dwarf;
				ENABLE_STRICT_OBJC_MSGSEND = YES;
				ENABLE_TESTABILITY = YES;
				GCC_C_LANGUAGE_STANDARD = gnu99;
				GCC_DYNAMIC_NO_PIC = NO;
				GCC_NO_COMMON_BLOCKS = YES;
				GCC_OPTIMIZATION_LEVEL = 0;
				GCC_PREPROCESSOR_DEFINITIONS = (
					"DEBUG=1",
					"$(inherited)",
				);
				GCC_WARN_64_TO_32_BIT_CONVERSION = YES;
				GCC_WARN_ABOUT_RETURN_TYPE = YES_ERROR;
				GCC_WARN_UNDECLARED_SELECTOR = YES;
				GCC_WARN_UNINITIALIZED_AUTOS = YES_AGGRESSIVE;
				GCC_WARN_UNUSED_FUNCTION = YES;
				GCC_WARN_UNUSED_VARIABLE = YES;
				MACOSX_DEPLOYMENT_TARGET = 10.11;
				MTL_ENABLE_DEBUG_INFO = YES;
				ONLY_ACTIVE_ARCH = YES;
				SDKROOT = macosx;
				SWIFT_OPTIMIZATION_LEVEL = "-Onone";
				SWIFT_VERSION = 4.0;
			};
			name = Debug;
		};
		9E2C8B5C1BF9A97A006E34AE /* Release */ = {
			isa = XCBuildConfiguration;
			buildSettings = {
				ALWAYS_SEARCH_USER_PATHS = NO;
				CLANG_CXX_LANGUAGE_STANDARD = "gnu++0x";
				CLANG_CXX_LIBRARY = "libc++";
				CLANG_ENABLE_MODULES = YES;
				CLANG_ENABLE_OBJC_ARC = YES;
				CLANG_WARN_BLOCK_CAPTURE_AUTORELEASING = YES;
				CLANG_WARN_BOOL_CONVERSION = YES;
				CLANG_WARN_COMMA = YES;
				CLANG_WARN_CONSTANT_CONVERSION = YES;
				CLANG_WARN_DEPRECATED_OBJC_IMPLEMENTATIONS = YES;
				CLANG_WARN_DIRECT_OBJC_ISA_USAGE = YES_ERROR;
				CLANG_WARN_EMPTY_BODY = YES;
				CLANG_WARN_ENUM_CONVERSION = YES;
				CLANG_WARN_INFINITE_RECURSION = YES;
				CLANG_WARN_INT_CONVERSION = YES;
				CLANG_WARN_NON_LITERAL_NULL_CONVERSION = YES;
				CLANG_WARN_OBJC_IMPLICIT_RETAIN_SELF = YES;
				CLANG_WARN_OBJC_LITERAL_CONVERSION = YES;
				CLANG_WARN_OBJC_ROOT_CLASS = YES_ERROR;
				CLANG_WARN_RANGE_LOOP_ANALYSIS = YES;
				CLANG_WARN_STRICT_PROTOTYPES = YES;
				CLANG_WARN_SUSPICIOUS_MOVE = YES;
				CLANG_WARN_UNREACHABLE_CODE = YES;
				CLANG_WARN__DUPLICATE_METHOD_MATCH = YES;
				CODE_SIGN_IDENTITY = "-";
				COPY_PHASE_STRIP = NO;
				DEBUG_INFORMATION_FORMAT = "dwarf-with-dsym";
				ENABLE_NS_ASSERTIONS = NO;
				ENABLE_STRICT_OBJC_MSGSEND = YES;
				GCC_C_LANGUAGE_STANDARD = gnu99;
				GCC_NO_COMMON_BLOCKS = YES;
				GCC_WARN_64_TO_32_BIT_CONVERSION = YES;
				GCC_WARN_ABOUT_RETURN_TYPE = YES_ERROR;
				GCC_WARN_UNDECLARED_SELECTOR = YES;
				GCC_WARN_UNINITIALIZED_AUTOS = YES_AGGRESSIVE;
				GCC_WARN_UNUSED_FUNCTION = YES;
				GCC_WARN_UNUSED_VARIABLE = YES;
				MACOSX_DEPLOYMENT_TARGET = 10.11;
				MTL_ENABLE_DEBUG_INFO = NO;
				SDKROOT = macosx;
				SWIFT_COMPILATION_MODE = wholemodule;
				SWIFT_VERSION = 4.0;
			};
			name = Release;
		};
		9E2C8B5E1BF9A97A006E34AE /* Debug */ = {
			isa = XCBuildConfiguration;
			buildSettings = {
				PRODUCT_NAME = "$(TARGET_NAME)";
				SWIFT_VERSION = 4.2;
			};
			name = Debug;
		};
		9E2C8B5F1BF9A97A006E34AE /* Release */ = {
			isa = XCBuildConfiguration;
			buildSettings = {
				PRODUCT_NAME = "$(TARGET_NAME)";
				SWIFT_VERSION = 4.2;
			};
			name = Release;
		};
/* End XCBuildConfiguration section */

/* Begin XCConfigurationList section */
		9E2C8B511BF9A97A006E34AE /* Build configuration list for PBXProject "Kaleidoscope" */ = {
			isa = XCConfigurationList;
			buildConfigurations = (
				9E2C8B5B1BF9A97A006E34AE /* Debug */,
				9E2C8B5C1BF9A97A006E34AE /* Release */,
			);
			defaultConfigurationIsVisible = 0;
			defaultConfigurationName = Release;
		};
		9E2C8B5D1BF9A97A006E34AE /* Build configuration list for PBXNativeTarget "Kaleidoscope" */ = {
			isa = XCConfigurationList;
			buildConfigurations = (
				9E2C8B5E1BF9A97A006E34AE /* Debug */,
				9E2C8B5F1BF9A97A006E34AE /* Release */,
			);
			defaultConfigurationIsVisible = 0;
			defaultConfigurationName = Release;
		};
/* End XCConfigurationList section */
	};
	rootObject = 9E2C8B4E1BF9A97A006E34AE /* Project object */;
}
